
Microsoft Visual Studio Solution File, Format Version 12.00
# Visual Studio Version 17
VisualStudioVersion = 17.8.34511.84
MinimumVisualStudioVersion = 10.0.40219.1
Project("{FAE04EC0-301F-11D3-BF4B-00C04F79EFBC}") = "ReposatryPatternWithUOW.API", "ReposatryPatternWithUOW\ReposatryPatternWithUOW.API.csproj", "{E5D0AEB9-64DB-4042-B126-1C160C5036A6}"
EndProject
Project("{FAE04EC0-301F-11D3-BF4B-00C04F79EFBC}") = "ReposatryPatternWithUOW.Core", "ReposatryPatternWithUOW.Core\ReposatryPatternWithUOW.Core.csproj", "{0EEE99B7-8252-4345-A17D-FC38695E61FA}"
EndProject
Project("{FAE04EC0-301F-11D3-BF4B-00C04F79EFBC}") = "ReposatryPatternWithUOW.EF", "ReposatryPatternWithUOW.EF\ReposatryPatternWithUOW.EF.csproj", "{531C387D-EB4B-4DA6-9B6D-B6AC7B84B333}"
EndProject
Global
	GlobalSection(SolutionConfigurationPlatforms) = preSolution
		Debug|Any CPU = Debug|Any CPU
		Release|Any CPU = Release|Any CPU
	EndGlobalSection
	GlobalSection(ProjectConfigurationPlatforms) = postSolution
		{E5D0AEB9-64DB-4042-B126-1C160C5036A6}.Debug|Any CPU.ActiveCfg = Debug|Any CPU
		{E5D0AEB9-64DB-4042-B126-1C160C5036A6}.Debug|Any CPU.Build.0 = Debug|Any CPU
		{E5D0AEB9-64DB-4042-B126-1C160C5036A6}.Release|Any CPU.ActiveCfg = Release|Any CPU
		{E5D0AEB9-64DB-4042-B126-1C160C5036A6}.Release|Any CPU.Build.0 = Release|Any CPU
		{0EEE99B7-8252-4345-A17D-FC38695E61FA}.Debug|Any CPU.ActiveCfg = Debug|Any CPU
		{0EEE99B7-8252-4345-A17D-FC38695E61FA}.Debug|Any CPU.Build.0 = Debug|Any CPU
		{0EEE99B7-8252-4345-A17D-FC38695E61FA}.Release|Any CPU.ActiveCfg = Release|Any CPU
		{0EEE99B7-8252-4345-A17D-FC38695E61FA}.Release|Any CPU.Build.0 = Release|Any CPU
		{531C387D-EB4B-4DA6-9B6D-B6AC7B84B333}.Debug|Any CPU.ActiveCfg = Debug|Any CPU
		{531C387D-EB4B-4DA6-9B6D-B6AC7B84B333}.Debug|Any CPU.Build.0 = Debug|Any CPU
		{531C387D-EB4B-4DA6-9B6D-B6AC7B84B333}.Release|Any CPU.ActiveCfg = Release|Any CPU
		{531C387D-EB4B-4DA6-9B6D-B6AC7B84B333}.Release|Any CPU.Build.0 = Release|Any CPU
	EndGlobalSection
	GlobalSection(SolutionProperties) = preSolution
		HideSolutionNode = FALSE
	EndGlobalSection
	GlobalSection(ExtensibilityGlobals) = postSolution
		SolutionGuid = {D0E0B1CB-DB5A-43AC-A5FC-269C0A66C1B6}
	EndGlobalSection
EndGlobal
